
Microsoft Visual Studio Solution File, Format Version 12.00
# Visual Studio Version 17
VisualStudioVersion = 17.11.35327.3
MinimumVisualStudioVersion = 10.0.40219.1
Project("{9A19103F-16F7-4668-BE54-9A1E7A4F7556}") = "ChatBotApi", "ChatBotApi\ChatBotApi.csproj", "{03C1144C-94CD-4246-9BBC-9688E18275E8}"
EndProject
Project("{E53339B2-1760-4266-BCC7-CA923CBCF16C}") = "docker-compose", "docker-compose.dcproj", "{C90CF2F5-B3EC-42AD-AB80-3F8B333CAFDC}"
EndProject
Global
	GlobalSection(SolutionConfigurationPlatforms) = preSolution
		Debug|Any CPU = Debug|Any CPU
		Release|Any CPU = Release|Any CPU
	EndGlobalSection
	GlobalSection(ProjectConfigurationPlatforms) = postSolution
		{03C1144C-94CD-4246-9BBC-9688E18275E8}.Debug|Any CPU.ActiveCfg = Debug|Any CPU
		{03C1144C-94CD-4246-9BBC-9688E18275E8}.Debug|Any CPU.Build.0 = Debug|Any CPU
		{03C1144C-94CD-4246-9BBC-9688E18275E8}.Release|Any CPU.ActiveCfg = Release|Any CPU
		{03C1144C-94CD-4246-9BBC-9688E18275E8}.Release|Any CPU.Build.0 = Release|Any CPU
		{C90CF2F5-B3EC-42AD-AB80-3F8B333CAFDC}.Debug|Any CPU.ActiveCfg = Debug|Any CPU
		{C90CF2F5-B3EC-42AD-AB80-3F8B333CAFDC}.Debug|Any CPU.Build.0 = Debug|Any CPU
		{C90CF2F5-B3EC-42AD-AB80-3F8B333CAFDC}.Release|Any CPU.ActiveCfg = Release|Any CPU
		{C90CF2F5-B3EC-42AD-AB80-3F8B333CAFDC}.Release|Any CPU.Build.0 = Release|Any CPU
	EndGlobalSection
	GlobalSection(SolutionProperties) = preSolution
		HideSolutionNode = FALSE
	EndGlobalSection
	GlobalSection(ExtensibilityGlobals) = postSolution
		SolutionGuid = {BE507098-3B89-45A2-A7EF-C0035274ED25}
	EndGlobalSection
EndGlobal
